// !$*UTF8*$!
{
	archiveVersion = 1;
	classes = {
	};
	objectVersion = 56;
	objects = {

/* Begin PBXBuildFile section */
		27918EC92A815F0900FFA373 /* SwiftUIStudyApp.swift in Sources */ = {isa = PBXBuildFile; fileRef = 27918EC82A815F0900FFA373 /* SwiftUIStudyApp.swift */; };
		27918ECB2A815F0900FFA373 /* ContentView.swift in Sources */ = {isa = PBXBuildFile; fileRef = 27918ECA2A815F0900FFA373 /* ContentView.swift */; };
		27918ECD2A815F0A00FFA373 /* Assets.xcassets in Resources */ = {isa = PBXBuildFile; fileRef = 27918ECC2A815F0A00FFA373 /* Assets.xcassets */; };
		27918ED02A815F0A00FFA373 /* Preview Assets.xcassets in Resources */ = {isa = PBXBuildFile; fileRef = 27918ECF2A815F0A00FFA373 /* Preview Assets.xcassets */; };
		27918ED72A815F6100FFA373 /* SuperHeroView.swift in Sources */ = {isa = PBXBuildFile; fileRef = 27918ED62A815F6100FFA373 /* SuperHeroView.swift */; };
		27918ED92A81605600FFA373 /* Colors.xcassets in Resources */ = {isa = PBXBuildFile; fileRef = 27918ED82A81605600FFA373 /* Colors.xcassets */; };
		27918EDB2A82F9C700FFA373 /* Superhero.swift in Sources */ = {isa = PBXBuildFile; fileRef = 27918EDA2A82F9C700FFA373 /* Superhero.swift */; };
		27918EDD2A83F47F00FFA373 /* chimeup.mp3 in Resources */ = {isa = PBXBuildFile; fileRef = 27918EDC2A83F47F00FFA373 /* chimeup.mp3 */; };
		27918EDF2A83F48900FFA373 /* PlaySound.swift in Sources */ = {isa = PBXBuildFile; fileRef = 27918EDE2A83F48900FFA373 /* PlaySound.swift */; };
		27918F3B2A89912C00FFA373 /* ContactInfoView.swift in Sources */ = {isa = PBXBuildFile; fileRef = 27918F3A2A89912C00FFA373 /* ContactInfoView.swift */; };
		27918F3D2A8994AE00FFA373 /* CardView.swift in Sources */ = {isa = PBXBuildFile; fileRef = 27918F3C2A8994AE00FFA373 /* CardView.swift */; };
/* End PBXBuildFile section */

/* Begin PBXFileReference section */
		27918EC52A815F0900FFA373 /* SwiftUIStudy.app */ = {isa = PBXFileReference; explicitFileType = wrapper.application; includeInIndex = 0; path = SwiftUIStudy.app; sourceTree = BUILT_PRODUCTS_DIR; };
		27918EC82A815F0900FFA373 /* SwiftUIStudyApp.swift */ = {isa = PBXFileReference; lastKnownFileType = sourcecode.swift; path = SwiftUIStudyApp.swift; sourceTree = "<group>"; };
		27918ECA2A815F0900FFA373 /* ContentView.swift */ = {isa = PBXFileReference; lastKnownFileType = sourcecode.swift; path = ContentView.swift; sourceTree = "<group>"; };
		27918ECC2A815F0A00FFA373 /* Assets.xcassets */ = {isa = PBXFileReference; lastKnownFileType = folder.assetcatalog; path = Assets.xcassets; sourceTree = "<group>"; };
		27918ECF2A815F0A00FFA373 /* Preview Assets.xcassets */ = {isa = PBXFileReference; lastKnownFileType = folder.assetcatalog; path = "Preview Assets.xcassets"; sourceTree = "<group>"; };
		27918ED62A815F6100FFA373 /* SuperHeroView.swift */ = {isa = PBXFileReference; lastKnownFileType = sourcecode.swift; path = SuperHeroView.swift; sourceTree = "<group>"; };
		27918ED82A81605600FFA373 /* Colors.xcassets */ = {isa = PBXFileReference; lastKnownFileType = folder.assetcatalog; path = Colors.xcassets; sourceTree = "<group>"; };
		27918EDA2A82F9C700FFA373 /* Superhero.swift */ = {isa = PBXFileReference; fileEncoding = 4; lastKnownFileType = sourcecode.swift; path = Superhero.swift; sourceTree = "<group>"; };
		27918EDC2A83F47F00FFA373 /* chimeup.mp3 */ = {isa = PBXFileReference; lastKnownFileType = audio.mp3; path = chimeup.mp3; sourceTree = "<group>"; };
		27918EDE2A83F48900FFA373 /* PlaySound.swift */ = {isa = PBXFileReference; lastKnownFileType = sourcecode.swift; path = PlaySound.swift; sourceTree = "<group>"; };
		27918EE52A87F5A400FFA373 /* Info.plist */ = {isa = PBXFileReference; lastKnownFileType = text.plist; path = Info.plist; sourceTree = "<group>"; };
		27918F3A2A89912C00FFA373 /* ContactInfoView.swift */ = {isa = PBXFileReference; lastKnownFileType = sourcecode.swift; path = ContactInfoView.swift; sourceTree = "<group>"; };
		27918F3C2A8994AE00FFA373 /* CardView.swift */ = {isa = PBXFileReference; lastKnownFileType = sourcecode.swift; path = CardView.swift; sourceTree = "<group>"; };
/* End PBXFileReference section */

/* Begin PBXFrameworksBuildPhase section */
		27918EC22A815F0900FFA373 /* Frameworks */ = {
			isa = PBXFrameworksBuildPhase;
			buildActionMask = 2147483647;
			files = (
			);
			runOnlyForDeploymentPostprocessing = 0;
		};
/* End PBXFrameworksBuildPhase section */

/* Begin PBXGroup section */
		27918EBC2A815F0900FFA373 = {
			isa = PBXGroup;
			children = (
				27918EC72A815F0900FFA373 /* SwiftUIStudy */,
				27918EC62A815F0900FFA373 /* Products */,
			);
			sourceTree = "<group>";
		};
		27918EC62A815F0900FFA373 /* Products */ = {
			isa = PBXGroup;
			children = (
				27918EC52A815F0900FFA373 /* SwiftUIStudy.app */,
			);
			name = Products;
			sourceTree = "<group>";
		};
		27918EC72A815F0900FFA373 /* SwiftUIStudy */ = {
			isa = PBXGroup;
			children = (
				27918EE52A87F5A400FFA373 /* Info.plist */,
				27918EE42A83F5DD00FFA373 /* Helpers */,
				27918EE32A83F5B600FFA373 /* Components */,
				27918EE22A83F57800FFA373 /* Views */,
				27918EE12A83F56F00FFA373 /* Sounds */,
				27918EE02A83F55C00FFA373 /* Model */,
				27918ED82A81605600FFA373 /* Colors.xcassets */,
				27918ECC2A815F0A00FFA373 /* Assets.xcassets */,
				27918ECE2A815F0A00FFA373 /* Preview Content */,
			);
			path = SwiftUIStudy;
			sourceTree = "<group>";
		};
		27918ECE2A815F0A00FFA373 /* Preview Content */ = {
			isa = PBXGroup;
			children = (
				27918ECF2A815F0A00FFA373 /* Preview Assets.xcassets */,
			);
			path = "Preview Content";
			sourceTree = "<group>";
		};
		27918EE02A83F55C00FFA373 /* Model */ = {
			isa = PBXGroup;
			children = (
				27918EDA2A82F9C700FFA373 /* Superhero.swift */,
			);
			path = Model;
			sourceTree = "<group>";
		};
		27918EE12A83F56F00FFA373 /* Sounds */ = {
			isa = PBXGroup;
			children = (
				27918EDC2A83F47F00FFA373 /* chimeup.mp3 */,
			);
			path = Sounds;
			sourceTree = "<group>";
		};
		27918EE22A83F57800FFA373 /* Views */ = {
			isa = PBXGroup;
			children = (
				27918EC82A815F0900FFA373 /* SwiftUIStudyApp.swift */,
				27918ECA2A815F0900FFA373 /* ContentView.swift */,
			);
			path = Views;
			sourceTree = "<group>";
		};
		27918EE32A83F5B600FFA373 /* Components */ = {
			isa = PBXGroup;
			children = (
				27918ED62A815F6100FFA373 /* SuperHeroView.swift */,
				27918F3A2A89912C00FFA373 /* ContactInfoView.swift */,
				27918F3C2A8994AE00FFA373 /* CardView.swift */,
			);
			path = Components;
			sourceTree = "<group>";
		};
		27918EE42A83F5DD00FFA373 /* Helpers */ = {
			isa = PBXGroup;
			children = (
				27918EDE2A83F48900FFA373 /* PlaySound.swift */,
			);
			path = Helpers;
			sourceTree = "<group>";
		};
/* End PBXGroup section */

/* Begin PBXNativeTarget section */
		27918EC42A815F0900FFA373 /* SwiftUIStudy */ = {
			isa = PBXNativeTarget;
			buildConfigurationList = 27918ED32A815F0A00FFA373 /* Build configuration list for PBXNativeTarget "SwiftUIStudy" */;
			buildPhases = (
				27918EC12A815F0900FFA373 /* Sources */,
				27918EC22A815F0900FFA373 /* Frameworks */,
				27918EC32A815F0900FFA373 /* Resources */,
			);
			buildRules = (
			);
			dependencies = (
			);
			name = SwiftUIStudy;
			productName = SwiftUIStudy;
			productReference = 27918EC52A815F0900FFA373 /* SwiftUIStudy.app */;
			productType = "com.apple.product-type.application";
		};
/* End PBXNativeTarget section */

/* Begin PBXProject section */
		27918EBD2A815F0900FFA373 /* Project object */ = {
			isa = PBXProject;
			attributes = {
				BuildIndependentTargetsInParallel = 1;
				LastSwiftUpdateCheck = 1430;
				LastUpgradeCheck = 1430;
				TargetAttributes = {
					27918EC42A815F0900FFA373 = {
						CreatedOnToolsVersion = 14.3;
					};
				};
			};
			buildConfigurationList = 27918EC02A815F0900FFA373 /* Build configuration list for PBXProject "SwiftUIStudy" */;
			compatibilityVersion = "Xcode 14.0";
			developmentRegion = en;
			hasScannedForEncodings = 0;
			knownRegions = (
				en,
				Base,
			);
			mainGroup = 27918EBC2A815F0900FFA373;
			productRefGroup = 27918EC62A815F0900FFA373 /* Products */;
			projectDirPath = "";
			projectRoot = "";
			targets = (
				27918EC42A815F0900FFA373 /* SwiftUIStudy */,
			);
		};
/* End PBXProject section */

/* Begin PBXResourcesBuildPhase section */
		27918EC32A815F0900FFA373 /* Resources */ = {
			isa = PBXResourcesBuildPhase;
			buildActionMask = 2147483647;
			files = (
				27918EDD2A83F47F00FFA373 /* chimeup.mp3 in Resources */,
				27918ED92A81605600FFA373 /* Colors.xcassets in Resources */,
				27918ED02A815F0A00FFA373 /* Preview Assets.xcassets in Resources */,
				27918ECD2A815F0A00FFA373 /* Assets.xcassets in Resources */,
			);
			runOnlyForDeploymentPostprocessing = 0;
		};
/* End PBXResourcesBuildPhase section */

/* Begin PBXSourcesBuildPhase section */
		27918EC12A815F0900FFA373 /* Sources */ = {
			isa = PBXSourcesBuildPhase;
			buildActionMask = 2147483647;
			files = (
				27918F3D2A8994AE00FFA373 /* CardView.swift in Sources */,
				27918EDF2A83F48900FFA373 /* PlaySound.swift in Sources */,
				27918ECB2A815F0900FFA373 /* ContentView.swift in Sources */,
				27918ED72A815F6100FFA373 /* SuperHeroView.swift in Sources */,
				27918EC92A815F0900FFA373 /* SwiftUIStudyApp.swift in Sources */,
				27918EDB2A82F9C700FFA373 /* Superhero.swift in Sources */,
				27918F3B2A89912C00FFA373 /* ContactInfoView.swift in Sources */,
			);
			runOnlyForDeploymentPostprocessing = 0;
		};
/* End PBXSourcesBuildPhase section */

/* Begin XCBuildConfiguration section */
		27918ED12A815F0A00FFA373 /* Debug */ = {
			isa = XCBuildConfiguration;
			buildSettings = {
				ALWAYS_SEARCH_USER_PATHS = NO;
				CLANG_ANALYZER_NONNULL = YES;
				CLANG_ANALYZER_NUMBER_OBJECT_CONVERSION = YES_AGGRESSIVE;
				CLANG_CXX_LANGUAGE_STANDARD = "gnu++20";
				CLANG_ENABLE_MODULES = YES;
				CLANG_ENABLE_OBJC_ARC = YES;
				CLANG_ENABLE_OBJC_WEAK = YES;
				CLANG_WARN_BLOCK_CAPTURE_AUTORELEASING = YES;
				CLANG_WARN_BOOL_CONVERSION = YES;
				CLANG_WARN_COMMA = YES;
				CLANG_WARN_CONSTANT_CONVERSION = YES;
				CLANG_WARN_DEPRECATED_OBJC_IMPLEMENTATIONS = YES;
				CLANG_WARN_DIRECT_OBJC_ISA_USAGE = YES_ERROR;
				CLANG_WARN_DOCUMENTATION_COMMENTS = YES;
				CLANG_WARN_EMPTY_BODY = YES;
				CLANG_WARN_ENUM_CONVERSION = YES;
				CLANG_WARN_INFINITE_RECURSION = YES;
				CLANG_WARN_INT_CONVERSION = YES;
				CLANG_WARN_NON_LITERAL_NULL_CONVERSION = YES;
				CLANG_WARN_OBJC_IMPLICIT_RETAIN_SELF = YES;
				CLANG_WARN_OBJC_LITERAL_CONVERSION = YES;
				CLANG_WARN_OBJC_ROOT_CLASS = YES_ERROR;
				CLANG_WARN_QUOTED_INCLUDE_IN_FRAMEWORK_HEADER = YES;
				CLANG_WARN_RANGE_LOOP_ANALYSIS = YES;
				CLANG_WARN_STRICT_PROTOTYPES = YES;
				CLANG_WARN_SUSPICIOUS_MOVE = YES;
				CLANG_WARN_UNGUARDED_AVAILABILITY = YES_AGGRESSIVE;
				CLANG_WARN_UNREACHABLE_CODE = YES;
				CLANG_WARN__DUPLICATE_METHOD_MATCH = YES;
				COPY_PHASE_STRIP = NO;
				DEBUG_INFORMATION_FORMAT = dwarf;
				ENABLE_STRICT_OBJC_MSGSEND = YES;
				ENABLE_TESTABILITY = YES;
				GCC_C_LANGUAGE_STANDARD = gnu11;
				GCC_DYNAMIC_NO_PIC = NO;
				GCC_NO_COMMON_BLOCKS = YES;
				GCC_OPTIMIZATION_LEVEL = 0;
				GCC_PREPROCESSOR_DEFINITIONS = (
					"DEBUG=1",
					"$(inherited)",
				);
				GCC_WARN_64_TO_32_BIT_CONVERSION = YES;
				GCC_WARN_ABOUT_RETURN_TYPE = YES_ERROR;
				GCC_WARN_UNDECLARED_SELECTOR = YES;
				GCC_WARN_UNINITIALIZED_AUTOS = YES_AGGRESSIVE;
				GCC_WARN_UNUSED_FUNCTION = YES;
				GCC_WARN_UNUSED_VARIABLE = YES;
				IPHONEOS_DEPLOYMENT_TARGET = 16.4;
				MTL_ENABLE_DEBUG_INFO = INCLUDE_SOURCE;
				MTL_FAST_MATH = YES;
				ONLY_ACTIVE_ARCH = YES;
				SDKROOT = iphoneos;
				SWIFT_ACTIVE_COMPILATION_CONDITIONS = DEBUG;
				SWIFT_OPTIMIZATION_LEVEL = "-Onone";
			};
			name = Debug;
		};
		27918ED22A815F0A00FFA373 /* Release */ = {
			isa = XCBuildConfiguration;
			buildSettings = {
				ALWAYS_SEARCH_USER_PATHS = NO;
				CLANG_ANALYZER_NONNULL = YES;
				CLANG_ANALYZER_NUMBER_OBJECT_CONVERSION = YES_AGGRESSIVE;
				CLANG_CXX_LANGUAGE_STANDARD = "gnu++20";
				CLANG_ENABLE_MODULES = YES;
				CLANG_ENABLE_OBJC_ARC = YES;
				CLANG_ENABLE_OBJC_WEAK = YES;
				CLANG_WARN_BLOCK_CAPTURE_AUTORELEASING = YES;
				CLANG_WARN_BOOL_CONVERSION = YES;
				CLANG_WARN_COMMA = YES;
				CLANG_WARN_CONSTANT_CONVERSION = YES;
				CLANG_WARN_DEPRECATED_OBJC_IMPLEMENTATIONS = YES;
				CLANG_WARN_DIRECT_OBJC_ISA_USAGE = YES_ERROR;
				CLANG_WARN_DOCUMENTATION_COMMENTS = YES;
				CLANG_WARN_EMPTY_BODY = YES;
				CLANG_WARN_ENUM_CONVERSION = YES;
				CLANG_WARN_INFINITE_RECURSION = YES;
				CLANG_WARN_INT_CONVERSION = YES;
				CLANG_WARN_NON_LITERAL_NULL_CONVERSION = YES;
				CLANG_WARN_OBJC_IMPLICIT_RETAIN_SELF = YES;
				CLANG_WARN_OBJC_LITERAL_CONVERSION = YES;
				CLANG_WARN_OBJC_ROOT_CLASS = YES_ERROR;
				CLANG_WARN_QUOTED_INCLUDE_IN_FRAMEWORK_HEADER = YES;
				CLANG_WARN_RANGE_LOOP_ANALYSIS = YES;
				CLANG_WARN_STRICT_PROTOTYPES = YES;
				CLANG_WARN_SUSPICIOUS_MOVE = YES;
				CLANG_WARN_UNGUARDED_AVAILABILITY = YES_AGGRESSIVE;
				CLANG_WARN_UNREACHABLE_CODE = YES;
				CLANG_WARN__DUPLICATE_METHOD_MATCH = YES;
				COPY_PHASE_STRIP = NO;
				DEBUG_INFORMATION_FORMAT = "dwarf-with-dsym";
				ENABLE_NS_ASSERTIONS = NO;
				ENABLE_STRICT_OBJC_MSGSEND = YES;
				GCC_C_LANGUAGE_STANDARD = gnu11;
				GCC_NO_COMMON_BLOCKS = YES;
				GCC_WARN_64_TO_32_BIT_CONVERSION = YES;
				GCC_WARN_ABOUT_RETURN_TYPE = YES_ERROR;
				GCC_WARN_UNDECLARED_SELECTOR = YES;
				GCC_WARN_UNINITIALIZED_AUTOS = YES_AGGRESSIVE;
				GCC_WARN_UNUSED_FUNCTION = YES;
				GCC_WARN_UNUSED_VARIABLE = YES;
				IPHONEOS_DEPLOYMENT_TARGET = 16.4;
				MTL_ENABLE_DEBUG_INFO = NO;
				MTL_FAST_MATH = YES;
				SDKROOT = iphoneos;
				SWIFT_COMPILATION_MODE = wholemodule;
				SWIFT_OPTIMIZATION_LEVEL = "-O";
				VALIDATE_PRODUCT = YES;
			};
			name = Release;
		};
		27918ED42A815F0A00FFA373 /* Debug */ = {
			isa = XCBuildConfiguration;
			buildSettings = {
				ASSETCATALOG_COMPILER_APPICON_NAME = AppIcon;
				ASSETCATALOG_COMPILER_GLOBAL_ACCENT_COLOR_NAME = AccentColor;
				CODE_SIGN_STYLE = Automatic;
				CURRENT_PROJECT_VERSION = 1;
				DEVELOPMENT_ASSET_PATHS = "\"SwiftUIStudy/Preview Content\"";
				DEVELOPMENT_TEAM = F7F8455WQL;
				ENABLE_PREVIEWS = YES;
				GENERATE_INFOPLIST_FILE = YES;
				INFOPLIST_FILE = SwiftUIStudy/Info.plist;
				INFOPLIST_KEY_UIApplicationSceneManifest_Generation = YES;
				INFOPLIST_KEY_UIApplicationSupportsIndirectInputEvents = YES;
				INFOPLIST_KEY_UISupportedInterfaceOrientations_iPad = "UIInterfaceOrientationPortrait UIInterfaceOrientationPortraitUpsideDown UIInterfaceOrientationLandscapeLeft UIInterfaceOrientationLandscapeRight";
				INFOPLIST_KEY_UISupportedInterfaceOrientations_iPhone = "UIInterfaceOrientationPortrait UIInterfaceOrientationLandscapeLeft UIInterfaceOrientationLandscapeRight";
				INFOPLIST_KEY_UIUserInterfaceStyle = Light;
				LD_RUNPATH_SEARCH_PATHS = (
					"$(inherited)",
					"@executable_path/Frameworks",
				);
				MARKETING_VERSION = 1.0;
				PRODUCT_BUNDLE_IDENTIFIER = com.mazeed.Study.SwiftUIStudy;
				PRODUCT_NAME = "$(TARGET_NAME)";
				SWIFT_EMIT_LOC_STRINGS = YES;
				SWIFT_VERSION = 5.0;
				TARGETED_DEVICE_FAMILY = "1,2";
			};
			name = Debug;
		};
		27918ED52A815F0A00FFA373 /* Release */ = {
			isa = XCBuildConfiguration;
			buildSettings = {
				ASSETCATALOG_COMPILER_APPICON_NAME = AppIcon;
				ASSETCATALOG_COMPILER_GLOBAL_ACCENT_COLOR_NAME = AccentColor;
				CODE_SIGN_STYLE = Automatic;
				CURRENT_PROJECT_VERSION = 1;
				DEVELOPMENT_ASSET_PATHS = "\"SwiftUIStudy/Preview Content\"";
				DEVELOPMENT_TEAM = F7F8455WQL;
				ENABLE_PREVIEWS = YES;
				GENERATE_INFOPLIST_FILE = YES;
				INFOPLIST_FILE = SwiftUIStudy/Info.plist;
				INFOPLIST_KEY_UIApplicationSceneManifest_Generation = YES;
				INFOPLIST_KEY_UIApplicationSupportsIndirectInputEvents = YES;
				INFOPLIST_KEY_UISupportedInterfaceOrientations_iPad = "UIInterfaceOrientationPortrait UIInterfaceOrientationPortraitUpsideDown UIInterfaceOrientationLandscapeLeft UIInterfaceOrientationLandscapeRight";
				INFOPLIST_KEY_UISupportedInterfaceOrientations_iPhone = "UIInterfaceOrientationPortrait UIInterfaceOrientationLandscapeLeft UIInterfaceOrientationLandscapeRight";
				INFOPLIST_KEY_UIUserInterfaceStyle = Light;
				LD_RUNPATH_SEARCH_PATHS = (
					"$(inherited)",
					"@executable_path/Frameworks",
				);
				MARKETING_VERSION = 1.0;
				PRODUCT_BUNDLE_IDENTIFIER = com.mazeed.Study.SwiftUIStudy;
				PRODUCT_NAME = "$(TARGET_NAME)";
				SWIFT_EMIT_LOC_STRINGS = YES;
				SWIFT_VERSION = 5.0;
				TARGETED_DEVICE_FAMILY = "1,2";
			};
			name = Release;
		};
/* End XCBuildConfiguration section */

/* Begin XCConfigurationList section */
		27918EC02A815F0900FFA373 /* Build configuration list for PBXProject "SwiftUIStudy" */ = {
			isa = XCConfigurationList;
			buildConfigurations = (
				27918ED12A815F0A00FFA373 /* Debug */,
				27918ED22A815F0A00FFA373 /* Release */,
			);
			defaultConfigurationIsVisible = 0;
			defaultConfigurationName = Release;
		};
		27918ED32A815F0A00FFA373 /* Build configuration list for PBXNativeTarget "SwiftUIStudy" */ = {
			isa = XCConfigurationList;
			buildConfigurations = (
				27918ED42A815F0A00FFA373 /* Debug */,
				27918ED52A815F0A00FFA373 /* Release */,
			);
			defaultConfigurationIsVisible = 0;
			defaultConfigurationName = Release;
		};
/* End XCConfigurationList section */
	};
	rootObject = 27918EBD2A815F0900FFA373 /* Project object */;
}
